<?xml version="1.0" encoding="utf-8"?>
<Project ToolsVersion="4.0" xmlns="http://schemas.microsoft.com/developer/msbuild/2003">
  <ItemGroup>
    <ClCompile Include="src\main.cpp" />
    <ClCompile Include="src\RootMenu.cpp" />
    <ClCompile Include="external\r2tm\r2tm_CacheCleaner.cpp">
      <Filter>external\r2tm</Filter>
    </ClCompile>
    <ClCompile Include="external\r2tm\r2tm_Director.cpp">
      <Filter>external\r2tm</Filter>
    </ClCompile>
    <ClCompile Include="external\r2tm\r2tm_MenuProcessor.cpp">
      <Filter>external\r2tm</Filter>
    </ClCompile>
    <ClCompile Include="external\r2tm\r2tm_PrintBinary.cpp">
      <Filter>external\r2tm</Filter>
    </ClCompile>
    <ClCompile Include="external\r2tm\r2tm_PrintFile.cpp">
      <Filter>external\r2tm</Filter>
    </ClCompile>
    <ClCompile Include="external\r2tm\r2tm_StopWatch.cpp">
      <Filter>external\r2tm</Filter>
    </ClCompile>
    <ClCompile Include="external\r2tm\r2tm_WindowsUtility.cpp">
      <Filter>external\r2tm</Filter>
    </ClCompile>
    <ClCompile Include="src\example\item\example_02_02.cpp">
      <Filter>example\item</Filter>
    </ClCompile>
    <ClCompile Include="src\example\item\example_02_03.cpp">
      <Filter>example\item</Filter>
    </ClCompile>
    <ClCompile Include="src\example\item\example_03_01.cpp">
      <Filter>example\item</Filter>
    </ClCompile>
    <ClCompile Include="src\example\item\example_03_02.cpp">
      <Filter>example\item</Filter>
    </ClCompile>
    <ClCompile Include="src\example\item\example_01_01.cpp">
      <Filter>example\item</Filter>
    </ClCompile>
    <ClCompile Include="src\example\item\utility4example.cpp">
      <Filter>example\item</Filter>
    </ClCompile>
    <ClCompile Include="src\example\item\example_04_01.cpp">
      <Filter>example\item</Filter>
    </ClCompile>
    <ClCompile Include="src\example\item\example_04_02.cpp">
      <Filter>example\item</Filter>
    </ClCompile>
    <ClCompile Include="src\example\item\example_04_03.cpp">
      <Filter>example\item</Filter>
    </ClCompile>
    <ClCompile Include="src\example\item\example_05_01.cpp">
      <Filter>example\item</Filter>
    </ClCompile>
    <ClCompile Include="src\example\MenuExample02.cpp">
      <Filter>example</Filter>
    </ClCompile>
    <ClCompile Include="src\example\MenuExample03.cpp">
      <Filter>example</Filter>
    </ClCompile>
  </ItemGroup>
  <ItemGroup>
    <ClInclude Include="src\RootMenu.h" />
    <ClInclude Include="external\r2tm\r2tm_CacheCleaner.h">
      <Filter>external\r2tm</Filter>
    </ClInclude>
    <ClInclude Include="external\r2tm\r2tm_ColorModifier.h">
      <Filter>external\r2tm</Filter>
    </ClInclude>
    <ClInclude Include="external\r2tm\r2tm_Director.h">
      <Filter>external\r2tm</Filter>
    </ClInclude>
    <ClInclude Include="external\r2tm\r2tm_iItem.h">
      <Filter>external\r2tm</Filter>
    </ClInclude>
    <ClInclude Include="external\r2tm\r2tm_iMenu.h">
      <Filter>external\r2tm</Filter>
    </ClInclude>
    <ClInclude Include="external\r2tm\r2tm_Inspector.h">
      <Filter>external\r2tm</Filter>
    </ClInclude>
    <ClInclude Include="external\r2tm\r2tm_MenuConstant.h">
      <Filter>external\r2tm</Filter>
    </ClInclude>
    <ClInclude Include="external\r2tm\r2tm_MenuProcessor.h">
      <Filter>external\r2tm</Filter>
    </ClInclude>
    <ClInclude Include="external\r2tm\r2tm_ostream.h">
      <Filter>external\r2tm</Filter>
    </ClInclude>
    <ClInclude Include="external\r2tm\r2tm_PrintBinary.h">
      <Filter>external\r2tm</Filter>
    </ClInclude>
    <ClInclude Include="external\r2tm\r2tm_PrintFile.h">
      <Filter>external\r2tm</Filter>
    </ClInclude>
    <ClInclude Include="external\r2tm\r2tm_StopWatch.h">
      <Filter>external\r2tm</Filter>
    </ClInclude>
    <ClInclude Include="external\r2tm\r2tm_VersionInfo.h">
      <Filter>external\r2tm</Filter>
    </ClInclude>
    <ClInclude Include="external\r2tm\r2tm_WindowsUtility.h">
      <Filter>external\r2tm</Filter>
    </ClInclude>
    <ClInclude Include="src\example\item\example_02_02.hpp">
      <Filter>example\item</Filter>
    </ClInclude>
    <ClInclude Include="src\example\item\example_02_03.hpp">
      <Filter>example\item</Filter>
    </ClInclude>
    <ClInclude Include="src\example\item\example_03_01.hpp">
      <Filter>example\item</Filter>
    </ClInclude>
    <ClInclude Include="src\example\item\example_03_02.hpp">
      <Filter>example\item</Filter>
    </ClInclude>
    <ClInclude Include="src\example\item\example_01_01.hpp">
      <Filter>example\item</Filter>
    </ClInclude>
    <ClInclude Include="src\example\item\utility4example.hpp">
      <Filter>example\item</Filter>
    </ClInclude>
    <ClInclude Include="src\example\item\example_04_01.hpp">
      <Filter>example\item</Filter>
    </ClInclude>
    <ClInclude Include="src\example\item\example_04_02.hpp">
      <Filter>example\item</Filter>
    </ClInclude>
    <ClInclude Include="src\example\item\example_04_03.hpp">
      <Filter>example\item</Filter>
    </ClInclude>
    <ClInclude Include="src\example\item\example_05_01.hpp">
      <Filter>example\item</Filter>
    </ClInclude>
    <ClInclude Include="src\example\MenuExample02.hpp">
      <Filter>example</Filter>
    </ClInclude>
    <ClInclude Include="src\example\MenuExample03.hpp">
      <Filter>example</Filter>
    </ClInclude>
  </ItemGroup>
  <ItemGroup>
    <Filter Include="external">
      <UniqueIdentifier>{5776f717-9bf2-4d54-ad8f-2fe5437b2f19}</UniqueIdentifier>
    </Filter>
    <Filter Include="external\r2tm">
      <UniqueIdentifier>{fbb86807-2446-4275-b7e7-dd7acc80e1b3}</UniqueIdentifier>
    </Filter>
    <Filter Include="resource">
      <UniqueIdentifier>{f8df0af7-85c9-408a-a1dc-dda64e4b3e58}</UniqueIdentifier>
    </Filter>
    <Filter Include="example">
      <UniqueIdentifier>{59b55341-9572-4afd-a307-2e032deb3623}</UniqueIdentifier>
    </Filter>
    <Filter Include="example\item">
      <UniqueIdentifier>{675da4f1-e1bb-45c2-8fe0-f87c4dd402d1}</UniqueIdentifier>
    </Filter>
  </ItemGroup>
  <ItemGroup>
    <Text Include="resource\chapter_02_01.txt">
      <Filter>resource</Filter>
    </Text>
  </ItemGroup>
</Project>