<?xml version="1.0" encoding="utf-8"?>
<Project ToolsVersion="4.0" xmlns="http://schemas.microsoft.com/developer/msbuild/2003">
  <ItemGroup>
    <ClCompile Include="src\main.cpp" />
    <ClCompile Include="src\RootMenu.cpp" />
    <ClCompile Include="external\r2cm\r2cm_Director.cpp">
      <Filter>external\r2cm</Filter>
    </ClCompile>
    <ClCompile Include="external\r2cm\r2cm_Menu.cpp">
      <Filter>external\r2cm</Filter>
    </ClCompile>
    <ClCompile Include="external\r2cm\r2cm_PrintBinary.cpp">
      <Filter>external\r2cm</Filter>
    </ClCompile>
    <ClCompile Include="external\r2cm\r2cm_PrintFile.cpp">
      <Filter>external\r2cm</Filter>
    </ClCompile>
    <ClCompile Include="external\r2cm\r2cm_StopWatch.cpp">
      <Filter>external\r2cm</Filter>
    </ClCompile>
    <ClCompile Include="external\r2cm\r2cm_WindowUtility.cpp">
      <Filter>external\r2cm</Filter>
    </ClCompile>
    <ClCompile Include="src\practice\item\practice_1.cpp">
      <Filter>practice\item</Filter>
    </ClCompile>
  </ItemGroup>
  <ItemGroup>
    <ClInclude Include="src\RootMenu.h" />
    <ClInclude Include="external\r2cm\r2cm_ColorModifier.h">
      <Filter>external\r2cm</Filter>
    </ClInclude>
    <ClInclude Include="external\r2cm\r2cm_Director.h">
      <Filter>external\r2cm</Filter>
    </ClInclude>
    <ClInclude Include="external\r2cm\r2cm_iItem.h">
      <Filter>external\r2cm</Filter>
    </ClInclude>
    <ClInclude Include="external\r2cm\r2cm_Inspector.h">
      <Filter>external\r2cm</Filter>
    </ClInclude>
    <ClInclude Include="external\r2cm\r2cm_Menu.h">
      <Filter>external\r2cm</Filter>
    </ClInclude>
    <ClInclude Include="external\r2cm\r2cm_ostream.h">
      <Filter>external\r2cm</Filter>
    </ClInclude>
    <ClInclude Include="external\r2cm\r2cm_PrintBinary.h">
      <Filter>external\r2cm</Filter>
    </ClInclude>
    <ClInclude Include="external\r2cm\r2cm_PrintFile.h">
      <Filter>external\r2cm</Filter>
    </ClInclude>
    <ClInclude Include="external\r2cm\r2cm_StopWatch.h">
      <Filter>external\r2cm</Filter>
    </ClInclude>
    <ClInclude Include="external\r2cm\r2cm_VersionInfo.h">
      <Filter>external\r2cm</Filter>
    </ClInclude>
    <ClInclude Include="external\r2cm\r2cm_WindowUtility.h">
      <Filter>external\r2cm</Filter>
    </ClInclude>
    <ClInclude Include="src\practice\item\practice_1.h">
      <Filter>practice\item</Filter>
    </ClInclude>
  </ItemGroup>
  <ItemGroup>
    <Filter Include="practice">
      <UniqueIdentifier>{59b55341-9572-4afd-a307-2e032deb3623}</UniqueIdentifier>
    </Filter>
    <Filter Include="practice\item">
      <UniqueIdentifier>{675da4f1-e1bb-45c2-8fe0-f87c4dd402d1}</UniqueIdentifier>
    </Filter>
    <Filter Include="practice\menu">
      <UniqueIdentifier>{923382b1-5880-48ea-bc82-680641c53698}</UniqueIdentifier>
    </Filter>
    <Filter Include="external">
      <UniqueIdentifier>{5776f717-9bf2-4d54-ad8f-2fe5437b2f19}</UniqueIdentifier>
    </Filter>
    <Filter Include="external\r2cm">
      <UniqueIdentifier>{fbb86807-2446-4275-b7e7-dd7acc80e1b3}</UniqueIdentifier>
    </Filter>
  </ItemGroup>
</Project>